
Microsoft Visual Studio Solution File, Format Version 12.00
# Visual Studio Version 17
VisualStudioVersion = 17.6.33815.320
MinimumVisualStudioVersion = 10.0.40219.1
Project("{9A19103F-16F7-4668-BE54-9A1E7A4F7556}") = "ActiveMQConsumers", "Consumers\ActiveMQConsumers.csproj", "{833EF830-9189-4E6E-9963-F7A7ED07F040}"
EndProject
Project("{9A19103F-16F7-4668-BE54-9A1E7A4F7556}") = "ActiveMQProducer", "Producers\ActiveMQProducer.csproj", "{D1B58488-95A9-41D9-96AD-734336360411}"
EndProject
Global
	GlobalSection(SolutionConfigurationPlatforms) = preSolution
		Debug|Any CPU = Debug|Any CPU
		Release|Any CPU = Release|Any CPU
	EndGlobalSection
	GlobalSection(ProjectConfigurationPlatforms) = postSolution
		{833EF830-9189-4E6E-9963-F7A7ED07F040}.Debug|Any CPU.ActiveCfg = Debug|Any CPU
		{833EF830-9189-4E6E-9963-F7A7ED07F040}.Debug|Any CPU.Build.0 = Debug|Any CPU
		{833EF830-9189-4E6E-9963-F7A7ED07F040}.Release|Any CPU.ActiveCfg = Release|Any CPU
		{833EF830-9189-4E6E-9963-F7A7ED07F040}.Release|Any CPU.Build.0 = Release|Any CPU
		{D1B58488-95A9-41D9-96AD-734336360411}.Debug|Any CPU.ActiveCfg = Debug|Any CPU
		{D1B58488-95A9-41D9-96AD-734336360411}.Debug|Any CPU.Build.0 = Debug|Any CPU
		{D1B58488-95A9-41D9-96AD-734336360411}.Release|Any CPU.ActiveCfg = Release|Any CPU
		{D1B58488-95A9-41D9-96AD-734336360411}.Release|Any CPU.Build.0 = Release|Any CPU
	EndGlobalSection
	GlobalSection(SolutionProperties) = preSolution
		HideSolutionNode = FALSE
	EndGlobalSection
	GlobalSection(ExtensibilityGlobals) = postSolution
		SolutionGuid = {D8D93C39-CC8E-47BB-9354-773EB0AF0C00}
	EndGlobalSection
EndGlobal
